
Microsoft Visual Studio Solution File, Format Version 12.00
# Visual Studio 15
VisualStudioVersion = 15.0.28307.645
MinimumVisualStudioVersion = 10.0.40219.1
Project("{9A19103F-16F7-4668-BE54-9A1E7A4F7556}") = "GP.SS.Api", "GP.SS.Api\GP.SS.Api.csproj", "{6F08D144-B5A3-4DFC-A47B-C82E483950BE}"
EndProject
Project("{9A19103F-16F7-4668-BE54-9A1E7A4F7556}") = "GP.SS.Database", "GP.SS.Database\GP.SS.Database.csproj", "{7FCF9DB9-0424-49C2-AF68-73AE30D5C726}"
EndProject
Project("{9A19103F-16F7-4668-BE54-9A1E7A4F7556}") = "GP.SS.Domain", "GP.SS.Domain\GP.SS.Domain.csproj", "{4316A601-3A83-4337-92F5-B6D6BB213160}"
EndProject
Project("{9A19103F-16F7-4668-BE54-9A1E7A4F7556}") = "GP.SS.Business", "GP.SS.Business\GP.SS.Business.csproj", "{82F96A7A-6BE7-4E53-954C-D79FD2D88E6C}"
EndProject
Project("{9A19103F-16F7-4668-BE54-9A1E7A4F7556}") = "GP.SS.Infrastructure", "GP.SS.Infrastructure\GP.SS.Infrastructure.csproj", "{9C063639-5552-47F8-82A6-B8B796B58A2A}"
EndProject
Project("{FAE04EC0-301F-11D3-BF4B-00C04F79EFBC}") = "GP.SS.Common", "GP.SS.Common\GP.SS.Common.csproj", "{B6FE4651-C549-4175-88CA-14975B84720A}"
EndProject
Global
	GlobalSection(SolutionConfigurationPlatforms) = preSolution
		Debug|Any CPU = Debug|Any CPU
		Release|Any CPU = Release|Any CPU
	EndGlobalSection
	GlobalSection(ProjectConfigurationPlatforms) = postSolution
		{6F08D144-B5A3-4DFC-A47B-C82E483950BE}.Debug|Any CPU.ActiveCfg = Debug|Any CPU
		{6F08D144-B5A3-4DFC-A47B-C82E483950BE}.Debug|Any CPU.Build.0 = Debug|Any CPU
		{6F08D144-B5A3-4DFC-A47B-C82E483950BE}.Release|Any CPU.ActiveCfg = Release|Any CPU
		{6F08D144-B5A3-4DFC-A47B-C82E483950BE}.Release|Any CPU.Build.0 = Release|Any CPU
		{7FCF9DB9-0424-49C2-AF68-73AE30D5C726}.Debug|Any CPU.ActiveCfg = Debug|Any CPU
		{7FCF9DB9-0424-49C2-AF68-73AE30D5C726}.Debug|Any CPU.Build.0 = Debug|Any CPU
		{7FCF9DB9-0424-49C2-AF68-73AE30D5C726}.Release|Any CPU.ActiveCfg = Release|Any CPU
		{7FCF9DB9-0424-49C2-AF68-73AE30D5C726}.Release|Any CPU.Build.0 = Release|Any CPU
		{4316A601-3A83-4337-92F5-B6D6BB213160}.Debug|Any CPU.ActiveCfg = Debug|Any CPU
		{4316A601-3A83-4337-92F5-B6D6BB213160}.Debug|Any CPU.Build.0 = Debug|Any CPU
		{4316A601-3A83-4337-92F5-B6D6BB213160}.Release|Any CPU.ActiveCfg = Release|Any CPU
		{4316A601-3A83-4337-92F5-B6D6BB213160}.Release|Any CPU.Build.0 = Release|Any CPU
		{82F96A7A-6BE7-4E53-954C-D79FD2D88E6C}.Debug|Any CPU.ActiveCfg = Debug|Any CPU
		{82F96A7A-6BE7-4E53-954C-D79FD2D88E6C}.Debug|Any CPU.Build.0 = Debug|Any CPU
		{82F96A7A-6BE7-4E53-954C-D79FD2D88E6C}.Release|Any CPU.ActiveCfg = Release|Any CPU
		{82F96A7A-6BE7-4E53-954C-D79FD2D88E6C}.Release|Any CPU.Build.0 = Release|Any CPU
		{9C063639-5552-47F8-82A6-B8B796B58A2A}.Debug|Any CPU.ActiveCfg = Debug|Any CPU
		{9C063639-5552-47F8-82A6-B8B796B58A2A}.Debug|Any CPU.Build.0 = Debug|Any CPU
		{9C063639-5552-47F8-82A6-B8B796B58A2A}.Release|Any CPU.ActiveCfg = Release|Any CPU
		{9C063639-5552-47F8-82A6-B8B796B58A2A}.Release|Any CPU.Build.0 = Release|Any CPU
		{B6FE4651-C549-4175-88CA-14975B84720A}.Debug|Any CPU.ActiveCfg = Debug|Any CPU
		{B6FE4651-C549-4175-88CA-14975B84720A}.Debug|Any CPU.Build.0 = Debug|Any CPU
		{B6FE4651-C549-4175-88CA-14975B84720A}.Release|Any CPU.ActiveCfg = Release|Any CPU
		{B6FE4651-C549-4175-88CA-14975B84720A}.Release|Any CPU.Build.0 = Release|Any CPU
	EndGlobalSection
	GlobalSection(SolutionProperties) = preSolution
		HideSolutionNode = FALSE
	EndGlobalSection
	GlobalSection(ExtensibilityGlobals) = postSolution
		SolutionGuid = {337C6D9C-A465-45F6-AB56-6BCEB95F374B}
	EndGlobalSection
EndGlobal
